
Microsoft Visual Studio Solution File, Format Version 11.00
# Visual Studio 2010
Project("{FAE04EC0-301F-11D3-BF4B-00C04F79EFBC}") = "Entity", "Entity\Entity.csproj", "{32590E25-261C-4294-B756-631BD46C6358}"
EndProject
Project("{FAE04EC0-301F-11D3-BF4B-00C04F79EFBC}") = "Common", "..\SwufeDream\Common\Common.csproj", "{E0E45319-2832-44C3-B085-BC541161113F}"
EndProject
Project("{FAE04EC0-301F-11D3-BF4B-00C04F79EFBC}") = "GhyWeChat", "GhyWeChat\GhyWeChat.csproj", "{3C93B1F8-7B4C-415E-8844-F3C13926E69D}"
EndProject
Project("{FAE04EC0-301F-11D3-BF4B-00C04F79EFBC}") = "Sign", "Sign\Sign.csproj", "{95D07AAC-CE30-42E7-8A43-EDBEFF62179F}"
EndProject
Project("{FAE04EC0-301F-11D3-BF4B-00C04F79EFBC}") = "Factory", "Factory\Factory.csproj", "{6C6E9461-BEF7-4638-BE45-9DB1891532DC}"
EndProject
Project("{FAE04EC0-301F-11D3-BF4B-00C04F79EFBC}") = "WebApp", "WebApp\WebApp.csproj", "{837F09F1-3037-4B12-B8C2-9113C9FA5B8C}"
EndProject
Global
	GlobalSection(SolutionConfigurationPlatforms) = preSolution
		Debug|Any CPU = Debug|Any CPU
		Debug|Mixed Platforms = Debug|Mixed Platforms
		Debug|x86 = Debug|x86
		Release|Any CPU = Release|Any CPU
		Release|Mixed Platforms = Release|Mixed Platforms
		Release|x86 = Release|x86
	EndGlobalSection
	GlobalSection(ProjectConfigurationPlatforms) = postSolution
		{32590E25-261C-4294-B756-631BD46C6358}.Debug|Any CPU.ActiveCfg = Debug|Any CPU
		{32590E25-261C-4294-B756-631BD46C6358}.Debug|Any CPU.Build.0 = Debug|Any CPU
		{32590E25-261C-4294-B756-631BD46C6358}.Debug|Mixed Platforms.ActiveCfg = Debug|Any CPU
		{32590E25-261C-4294-B756-631BD46C6358}.Debug|Mixed Platforms.Build.0 = Debug|Any CPU
		{32590E25-261C-4294-B756-631BD46C6358}.Debug|x86.ActiveCfg = Debug|Any CPU
		{32590E25-261C-4294-B756-631BD46C6358}.Release|Any CPU.ActiveCfg = Release|Any CPU
		{32590E25-261C-4294-B756-631BD46C6358}.Release|Any CPU.Build.0 = Release|Any CPU
		{32590E25-261C-4294-B756-631BD46C6358}.Release|Mixed Platforms.ActiveCfg = Release|Any CPU
		{32590E25-261C-4294-B756-631BD46C6358}.Release|Mixed Platforms.Build.0 = Release|Any CPU
		{32590E25-261C-4294-B756-631BD46C6358}.Release|x86.ActiveCfg = Release|Any CPU
		{E0E45319-2832-44C3-B085-BC541161113F}.Debug|Any CPU.ActiveCfg = Debug|Any CPU
		{E0E45319-2832-44C3-B085-BC541161113F}.Debug|Any CPU.Build.0 = Debug|Any CPU
		{E0E45319-2832-44C3-B085-BC541161113F}.Debug|Mixed Platforms.ActiveCfg = Debug|Any CPU
		{E0E45319-2832-44C3-B085-BC541161113F}.Debug|Mixed Platforms.Build.0 = Debug|Any CPU
		{E0E45319-2832-44C3-B085-BC541161113F}.Debug|x86.ActiveCfg = Debug|Any CPU
		{E0E45319-2832-44C3-B085-BC541161113F}.Release|Any CPU.ActiveCfg = Release|Any CPU
		{E0E45319-2832-44C3-B085-BC541161113F}.Release|Any CPU.Build.0 = Release|Any CPU
		{E0E45319-2832-44C3-B085-BC541161113F}.Release|Mixed Platforms.ActiveCfg = Release|Any CPU
		{E0E45319-2832-44C3-B085-BC541161113F}.Release|Mixed Platforms.Build.0 = Release|Any CPU
		{E0E45319-2832-44C3-B085-BC541161113F}.Release|x86.ActiveCfg = Release|Any CPU
		{3C93B1F8-7B4C-415E-8844-F3C13926E69D}.Debug|Any CPU.ActiveCfg = Debug|Any CPU
		{3C93B1F8-7B4C-415E-8844-F3C13926E69D}.Debug|Any CPU.Build.0 = Debug|Any CPU
		{3C93B1F8-7B4C-415E-8844-F3C13926E69D}.Debug|Mixed Platforms.ActiveCfg = Debug|Any CPU
		{3C93B1F8-7B4C-415E-8844-F3C13926E69D}.Debug|Mixed Platforms.Build.0 = Debug|Any CPU
		{3C93B1F8-7B4C-415E-8844-F3C13926E69D}.Debug|x86.ActiveCfg = Debug|Any CPU
		{3C93B1F8-7B4C-415E-8844-F3C13926E69D}.Release|Any CPU.ActiveCfg = Release|Any CPU
		{3C93B1F8-7B4C-415E-8844-F3C13926E69D}.Release|Any CPU.Build.0 = Release|Any CPU
		{3C93B1F8-7B4C-415E-8844-F3C13926E69D}.Release|Mixed Platforms.ActiveCfg = Release|Any CPU
		{3C93B1F8-7B4C-415E-8844-F3C13926E69D}.Release|Mixed Platforms.Build.0 = Release|Any CPU
		{3C93B1F8-7B4C-415E-8844-F3C13926E69D}.Release|x86.ActiveCfg = Release|Any CPU
		{95D07AAC-CE30-42E7-8A43-EDBEFF62179F}.Debug|Any CPU.ActiveCfg = Debug|Any CPU
		{95D07AAC-CE30-42E7-8A43-EDBEFF62179F}.Debug|Any CPU.Build.0 = Debug|Any CPU
		{95D07AAC-CE30-42E7-8A43-EDBEFF62179F}.Debug|Mixed Platforms.ActiveCfg = Debug|Any CPU
		{95D07AAC-CE30-42E7-8A43-EDBEFF62179F}.Debug|Mixed Platforms.Build.0 = Debug|Any CPU
		{95D07AAC-CE30-42E7-8A43-EDBEFF62179F}.Debug|x86.ActiveCfg = Debug|Any CPU
		{95D07AAC-CE30-42E7-8A43-EDBEFF62179F}.Release|Any CPU.ActiveCfg = Release|Any CPU
		{95D07AAC-CE30-42E7-8A43-EDBEFF62179F}.Release|Any CPU.Build.0 = Release|Any CPU
		{95D07AAC-CE30-42E7-8A43-EDBEFF62179F}.Release|Mixed Platforms.ActiveCfg = Release|Any CPU
		{95D07AAC-CE30-42E7-8A43-EDBEFF62179F}.Release|Mixed Platforms.Build.0 = Release|Any CPU
		{95D07AAC-CE30-42E7-8A43-EDBEFF62179F}.Release|x86.ActiveCfg = Release|Any CPU
		{6C6E9461-BEF7-4638-BE45-9DB1891532DC}.Debug|Any CPU.ActiveCfg = Debug|Any CPU
		{6C6E9461-BEF7-4638-BE45-9DB1891532DC}.Debug|Any CPU.Build.0 = Debug|Any CPU
		{6C6E9461-BEF7-4638-BE45-9DB1891532DC}.Debug|Mixed Platforms.ActiveCfg = Debug|Any CPU
		{6C6E9461-BEF7-4638-BE45-9DB1891532DC}.Debug|Mixed Platforms.Build.0 = Debug|Any CPU
		{6C6E9461-BEF7-4638-BE45-9DB1891532DC}.Debug|x86.ActiveCfg = Debug|Any CPU
		{6C6E9461-BEF7-4638-BE45-9DB1891532DC}.Release|Any CPU.ActiveCfg = Release|Any CPU
		{6C6E9461-BEF7-4638-BE45-9DB1891532DC}.Release|Any CPU.Build.0 = Release|Any CPU
		{6C6E9461-BEF7-4638-BE45-9DB1891532DC}.Release|Mixed Platforms.ActiveCfg = Release|Any CPU
		{6C6E9461-BEF7-4638-BE45-9DB1891532DC}.Release|Mixed Platforms.Build.0 = Release|Any CPU
		{6C6E9461-BEF7-4638-BE45-9DB1891532DC}.Release|x86.ActiveCfg = Release|Any CPU
		{837F09F1-3037-4B12-B8C2-9113C9FA5B8C}.Debug|Any CPU.ActiveCfg = Debug|Any CPU
		{837F09F1-3037-4B12-B8C2-9113C9FA5B8C}.Debug|Any CPU.Build.0 = Debug|Any CPU
		{837F09F1-3037-4B12-B8C2-9113C9FA5B8C}.Debug|Mixed Platforms.ActiveCfg = Debug|Any CPU
		{837F09F1-3037-4B12-B8C2-9113C9FA5B8C}.Debug|Mixed Platforms.Build.0 = Debug|Any CPU
		{837F09F1-3037-4B12-B8C2-9113C9FA5B8C}.Debug|x86.ActiveCfg = Debug|Any CPU
		{837F09F1-3037-4B12-B8C2-9113C9FA5B8C}.Release|Any CPU.ActiveCfg = Release|Any CPU
		{837F09F1-3037-4B12-B8C2-9113C9FA5B8C}.Release|Any CPU.Build.0 = Release|Any CPU
		{837F09F1-3037-4B12-B8C2-9113C9FA5B8C}.Release|Mixed Platforms.ActiveCfg = Release|Any CPU
		{837F09F1-3037-4B12-B8C2-9113C9FA5B8C}.Release|Mixed Platforms.Build.0 = Release|Any CPU
		{837F09F1-3037-4B12-B8C2-9113C9FA5B8C}.Release|x86.ActiveCfg = Release|Any CPU
	EndGlobalSection
	GlobalSection(SolutionProperties) = preSolution
		HideSolutionNode = FALSE
	EndGlobalSection
EndGlobal
